// !$*UTF8*$!
{
	archiveVersion = 1;
	classes = {
	};
	objectVersion = 56;
	objects = {

/* Begin PBXBuildFile section */
		5A099C842CD05720DB4D37F1 /* Pods_Chawapon.framework in Frameworks */ = {isa = PBXBuildFile; fileRef = ADC86A6C2953AFDD251300FF /* Pods_Chawapon.framework */; };
		8C5BD2A429F534F0001B8BBC /* AppDelegate.swift in Sources */ = {isa = PBXBuildFile; fileRef = 8C5BD2A329F534F0001B8BBC /* AppDelegate.swift */; };
		8C5BD2A629F534F0001B8BBC /* SceneDelegate.swift in Sources */ = {isa = PBXBuildFile; fileRef = 8C5BD2A529F534F0001B8BBC /* SceneDelegate.swift */; };
		8C5BD2A829F534F0001B8BBC /* ViewController.swift in Sources */ = {isa = PBXBuildFile; fileRef = 8C5BD2A729F534F0001B8BBC /* ViewController.swift */; };
		8C5BD2AB29F534F0001B8BBC /* Main.storyboard in Resources */ = {isa = PBXBuildFile; fileRef = 8C5BD2A929F534F0001B8BBC /* Main.storyboard */; };
		8C5BD2AE29F534F0001B8BBC /* Chawapon.xcdatamodeld in Sources */ = {isa = PBXBuildFile; fileRef = 8C5BD2AC29F534F0001B8BBC /* Chawapon.xcdatamodeld */; };
		8C5BD2B029F534F3001B8BBC /* Assets.xcassets in Resources */ = {isa = PBXBuildFile; fileRef = 8C5BD2AF29F534F3001B8BBC /* Assets.xcassets */; };
		8C5BD2B329F534F3001B8BBC /* LaunchScreen.storyboard in Resources */ = {isa = PBXBuildFile; fileRef = 8C5BD2B129F534F3001B8BBC /* LaunchScreen.storyboard */; };
		8C5BD2BB29F53C8F001B8BBC /* Model.swift in Sources */ = {isa = PBXBuildFile; fileRef = 8C5BD2BA29F53C8F001B8BBC /* Model.swift */; };
		8C5BD2BD29F552EC001B8BBC /* HistoryCell.swift in Sources */ = {isa = PBXBuildFile; fileRef = 8C5BD2BC29F552EC001B8BBC /* HistoryCell.swift */; };
		8C5BD2BF29F56941001B8BBC /* Fibonacci.swift in Sources */ = {isa = PBXBuildFile; fileRef = 8C5BD2BE29F56941001B8BBC /* Fibonacci.swift */; };
/* End PBXBuildFile section */

/* Begin PBXFileReference section */
		8C5BD2A029F534F0001B8BBC /* Chawapon.app */ = {isa = PBXFileReference; explicitFileType = wrapper.application; includeInIndex = 0; path = Chawapon.app; sourceTree = BUILT_PRODUCTS_DIR; };
		8C5BD2A329F534F0001B8BBC /* AppDelegate.swift */ = {isa = PBXFileReference; lastKnownFileType = sourcecode.swift; path = AppDelegate.swift; sourceTree = "<group>"; };
		8C5BD2A529F534F0001B8BBC /* SceneDelegate.swift */ = {isa = PBXFileReference; lastKnownFileType = sourcecode.swift; path = SceneDelegate.swift; sourceTree = "<group>"; };
		8C5BD2A729F534F0001B8BBC /* ViewController.swift */ = {isa = PBXFileReference; lastKnownFileType = sourcecode.swift; path = ViewController.swift; sourceTree = "<group>"; };
		8C5BD2AA29F534F0001B8BBC /* Base */ = {isa = PBXFileReference; lastKnownFileType = file.storyboard; name = Base; path = Base.lproj/Main.storyboard; sourceTree = "<group>"; };
		8C5BD2AD29F534F0001B8BBC /* Chawapon.xcdatamodel */ = {isa = PBXFileReference; lastKnownFileType = wrapper.xcdatamodel; path = Chawapon.xcdatamodel; sourceTree = "<group>"; };
		8C5BD2AF29F534F3001B8BBC /* Assets.xcassets */ = {isa = PBXFileReference; lastKnownFileType = folder.assetcatalog; path = Assets.xcassets; sourceTree = "<group>"; };
		8C5BD2B229F534F3001B8BBC /* Base */ = {isa = PBXFileReference; lastKnownFileType = file.storyboard; name = Base; path = Base.lproj/LaunchScreen.storyboard; sourceTree = "<group>"; };
		8C5BD2B429F534F3001B8BBC /* Info.plist */ = {isa = PBXFileReference; lastKnownFileType = text.plist.xml; path = Info.plist; sourceTree = "<group>"; };
		8C5BD2BA29F53C8F001B8BBC /* Model.swift */ = {isa = PBXFileReference; lastKnownFileType = sourcecode.swift; path = Model.swift; sourceTree = "<group>"; };
		8C5BD2BC29F552EC001B8BBC /* HistoryCell.swift */ = {isa = PBXFileReference; lastKnownFileType = sourcecode.swift; path = HistoryCell.swift; sourceTree = "<group>"; };
		8C5BD2BE29F56941001B8BBC /* Fibonacci.swift */ = {isa = PBXFileReference; lastKnownFileType = sourcecode.swift; path = Fibonacci.swift; sourceTree = "<group>"; };
		ADC86A6C2953AFDD251300FF /* Pods_Chawapon.framework */ = {isa = PBXFileReference; explicitFileType = wrapper.framework; includeInIndex = 0; path = Pods_Chawapon.framework; sourceTree = BUILT_PRODUCTS_DIR; };
		C912D6E1C47346CB20CD3B01 /* Pods-Chawapon.release.xcconfig */ = {isa = PBXFileReference; includeInIndex = 1; lastKnownFileType = text.xcconfig; name = "Pods-Chawapon.release.xcconfig"; path = "Target Support Files/Pods-Chawapon/Pods-Chawapon.release.xcconfig"; sourceTree = "<group>"; };
		CAA125A179B9F68F44537FD2 /* Pods-Chawapon.debug.xcconfig */ = {isa = PBXFileReference; includeInIndex = 1; lastKnownFileType = text.xcconfig; name = "Pods-Chawapon.debug.xcconfig"; path = "Target Support Files/Pods-Chawapon/Pods-Chawapon.debug.xcconfig"; sourceTree = "<group>"; };
/* End PBXFileReference section */

/* Begin PBXFrameworksBuildPhase section */
		8C5BD29D29F534F0001B8BBC /* Frameworks */ = {
			isa = PBXFrameworksBuildPhase;
			buildActionMask = 2147483647;
			files = (
				5A099C842CD05720DB4D37F1 /* Pods_Chawapon.framework in Frameworks */,
			);
			runOnlyForDeploymentPostprocessing = 0;
		};
/* End PBXFrameworksBuildPhase section */

/* Begin PBXGroup section */
		468A88CC73DEE089632BC06F /* Pods */ = {
			isa = PBXGroup;
			children = (
				CAA125A179B9F68F44537FD2 /* Pods-Chawapon.debug.xcconfig */,
				C912D6E1C47346CB20CD3B01 /* Pods-Chawapon.release.xcconfig */,
			);
			path = Pods;
			sourceTree = "<group>";
		};
		8C5BD29729F534F0001B8BBC = {
			isa = PBXGroup;
			children = (
				8C5BD2A229F534F0001B8BBC /* Chawapon */,
				8C5BD2A129F534F0001B8BBC /* Products */,
				468A88CC73DEE089632BC06F /* Pods */,
				E1D066D80A858CBC25841AB2 /* Frameworks */,
			);
			sourceTree = "<group>";
		};
		8C5BD2A129F534F0001B8BBC /* Products */ = {
			isa = PBXGroup;
			children = (
				8C5BD2A029F534F0001B8BBC /* Chawapon.app */,
			);
			name = Products;
			sourceTree = "<group>";
		};
		8C5BD2A229F534F0001B8BBC /* Chawapon */ = {
			isa = PBXGroup;
			children = (
				8C5BD2A329F534F0001B8BBC /* AppDelegate.swift */,
				8C5BD2A529F534F0001B8BBC /* SceneDelegate.swift */,
				8C5BD2A729F534F0001B8BBC /* ViewController.swift */,
				8C5BD2A929F534F0001B8BBC /* Main.storyboard */,
				8C5BD2AF29F534F3001B8BBC /* Assets.xcassets */,
				8C5BD2B129F534F3001B8BBC /* LaunchScreen.storyboard */,
				8C5BD2B429F534F3001B8BBC /* Info.plist */,
				8C5BD2AC29F534F0001B8BBC /* Chawapon.xcdatamodeld */,
				8C5BD2BA29F53C8F001B8BBC /* Model.swift */,
				8C5BD2BC29F552EC001B8BBC /* HistoryCell.swift */,
				8C5BD2BE29F56941001B8BBC /* Fibonacci.swift */,
			);
			path = Chawapon;
			sourceTree = "<group>";
		};
		E1D066D80A858CBC25841AB2 /* Frameworks */ = {
			isa = PBXGroup;
			children = (
				ADC86A6C2953AFDD251300FF /* Pods_Chawapon.framework */,
			);
			name = Frameworks;
			sourceTree = "<group>";
		};
/* End PBXGroup section */

/* Begin PBXNativeTarget section */
		8C5BD29F29F534F0001B8BBC /* Chawapon */ = {
			isa = PBXNativeTarget;
			buildConfigurationList = 8C5BD2B729F534F3001B8BBC /* Build configuration list for PBXNativeTarget "Chawapon" */;
			buildPhases = (
				20AE677AD17957D14BADF532 /* [CP] Check Pods Manifest.lock */,
				8C5BD29C29F534F0001B8BBC /* Sources */,
				8C5BD29D29F534F0001B8BBC /* Frameworks */,
				8C5BD29E29F534F0001B8BBC /* Resources */,
				A6A304D9D748B8DD8200A068 /* [CP] Embed Pods Frameworks */,
			);
			buildRules = (
			);
			dependencies = (
			);
			name = Chawapon;
			productName = Chawapon;
			productReference = 8C5BD2A029F534F0001B8BBC /* Chawapon.app */;
			productType = "com.apple.product-type.application";
		};
/* End PBXNativeTarget section */

/* Begin PBXProject section */
		8C5BD29829F534F0001B8BBC /* Project object */ = {
			isa = PBXProject;
			attributes = {
				BuildIndependentTargetsInParallel = 1;
				LastSwiftUpdateCheck = 1430;
				LastUpgradeCheck = 1430;
				TargetAttributes = {
					8C5BD29F29F534F0001B8BBC = {
						CreatedOnToolsVersion = 14.3;
					};
				};
			};
			buildConfigurationList = 8C5BD29B29F534F0001B8BBC /* Build configuration list for PBXProject "Chawapon" */;
			compatibilityVersion = "Xcode 14.0";
			developmentRegion = en;
			hasScannedForEncodings = 0;
			knownRegions = (
				en,
				Base,
			);
			mainGroup = 8C5BD29729F534F0001B8BBC;
			productRefGroup = 8C5BD2A129F534F0001B8BBC /* Products */;
			projectDirPath = "";
			projectRoot = "";
			targets = (
				8C5BD29F29F534F0001B8BBC /* Chawapon */,
			);
		};
/* End PBXProject section */

/* Begin PBXResourcesBuildPhase section */
		8C5BD29E29F534F0001B8BBC /* Resources */ = {
			isa = PBXResourcesBuildPhase;
			buildActionMask = 2147483647;
			files = (
				8C5BD2B329F534F3001B8BBC /* LaunchScreen.storyboard in Resources */,
				8C5BD2B029F534F3001B8BBC /* Assets.xcassets in Resources */,
				8C5BD2AB29F534F0001B8BBC /* Main.storyboard in Resources */,
			);
			runOnlyForDeploymentPostprocessing = 0;
		};
/* End PBXResourcesBuildPhase section */

/* Begin PBXShellScriptBuildPhase section */
		20AE677AD17957D14BADF532 /* [CP] Check Pods Manifest.lock */ = {
			isa = PBXShellScriptBuildPhase;
			buildActionMask = 2147483647;
			files = (
			);
			inputFileListPaths = (
			);
			inputPaths = (
				"${PODS_PODFILE_DIR_PATH}/Podfile.lock",
				"${PODS_ROOT}/Manifest.lock",
			);
			name = "[CP] Check Pods Manifest.lock";
			outputFileListPaths = (
			);
			outputPaths = (
				"$(DERIVED_FILE_DIR)/Pods-Chawapon-checkManifestLockResult.txt",
			);
			runOnlyForDeploymentPostprocessing = 0;
			shellPath = /bin/sh;
			shellScript = "diff \"${PODS_PODFILE_DIR_PATH}/Podfile.lock\" \"${PODS_ROOT}/Manifest.lock\" > /dev/null\nif [ $? != 0 ] ; then\n    # print error to STDERR\n    echo \"error: The sandbox is not in sync with the Podfile.lock. Run 'pod install' or update your CocoaPods installation.\" >&2\n    exit 1\nfi\n# This output is used by Xcode 'outputs' to avoid re-running this script phase.\necho \"SUCCESS\" > \"${SCRIPT_OUTPUT_FILE_0}\"\n";
			showEnvVarsInLog = 0;
		};
		A6A304D9D748B8DD8200A068 /* [CP] Embed Pods Frameworks */ = {
			isa = PBXShellScriptBuildPhase;
			buildActionMask = 2147483647;
			files = (
			);
			inputFileListPaths = (
				"${PODS_ROOT}/Target Support Files/Pods-Chawapon/Pods-Chawapon-frameworks-${CONFIGURATION}-input-files.xcfilelist",
			);
			name = "[CP] Embed Pods Frameworks";
			outputFileListPaths = (
				"${PODS_ROOT}/Target Support Files/Pods-Chawapon/Pods-Chawapon-frameworks-${CONFIGURATION}-output-files.xcfilelist",
			);
			runOnlyForDeploymentPostprocessing = 0;
			shellPath = /bin/sh;
			shellScript = "\"${PODS_ROOT}/Target Support Files/Pods-Chawapon/Pods-Chawapon-frameworks.sh\"\n";
			showEnvVarsInLog = 0;
		};
/* End PBXShellScriptBuildPhase section */

/* Begin PBXSourcesBuildPhase section */
		8C5BD29C29F534F0001B8BBC /* Sources */ = {
			isa = PBXSourcesBuildPhase;
			buildActionMask = 2147483647;
			files = (
				8C5BD2BD29F552EC001B8BBC /* HistoryCell.swift in Sources */,
				8C5BD2BB29F53C8F001B8BBC /* Model.swift in Sources */,
				8C5BD2A829F534F0001B8BBC /* ViewController.swift in Sources */,
				8C5BD2BF29F56941001B8BBC /* Fibonacci.swift in Sources */,
				8C5BD2A429F534F0001B8BBC /* AppDelegate.swift in Sources */,
				8C5BD2AE29F534F0001B8BBC /* Chawapon.xcdatamodeld in Sources */,
				8C5BD2A629F534F0001B8BBC /* SceneDelegate.swift in Sources */,
			);
			runOnlyForDeploymentPostprocessing = 0;
		};
/* End PBXSourcesBuildPhase section */

/* Begin PBXVariantGroup section */
		8C5BD2A929F534F0001B8BBC /* Main.storyboard */ = {
			isa = PBXVariantGroup;
			children = (
				8C5BD2AA29F534F0001B8BBC /* Base */,
			);
			name = Main.storyboard;
			sourceTree = "<group>";
		};
		8C5BD2B129F534F3001B8BBC /* LaunchScreen.storyboard */ = {
			isa = PBXVariantGroup;
			children = (
				8C5BD2B229F534F3001B8BBC /* Base */,
			);
			name = LaunchScreen.storyboard;
			sourceTree = "<group>";
		};
/* End PBXVariantGroup section */

/* Begin XCBuildConfiguration section */
		8C5BD2B529F534F3001B8BBC /* Debug */ = {
			isa = XCBuildConfiguration;
			buildSettings = {
				ALWAYS_SEARCH_USER_PATHS = NO;
				CLANG_ANALYZER_NONNULL = YES;
				CLANG_ANALYZER_NUMBER_OBJECT_CONVERSION = YES_AGGRESSIVE;
				CLANG_CXX_LANGUAGE_STANDARD = "gnu++20";
				CLANG_ENABLE_MODULES = YES;
				CLANG_ENABLE_OBJC_ARC = YES;
				CLANG_ENABLE_OBJC_WEAK = YES;
				CLANG_WARN_BLOCK_CAPTURE_AUTORELEASING = YES;
				CLANG_WARN_BOOL_CONVERSION = YES;
				CLANG_WARN_COMMA = YES;
				CLANG_WARN_CONSTANT_CONVERSION = YES;
				CLANG_WARN_DEPRECATED_OBJC_IMPLEMENTATIONS = YES;
				CLANG_WARN_DIRECT_OBJC_ISA_USAGE = YES_ERROR;
				CLANG_WARN_DOCUMENTATION_COMMENTS = YES;
				CLANG_WARN_EMPTY_BODY = YES;
				CLANG_WARN_ENUM_CONVERSION = YES;
				CLANG_WARN_INFINITE_RECURSION = YES;
				CLANG_WARN_INT_CONVERSION = YES;
				CLANG_WARN_NON_LITERAL_NULL_CONVERSION = YES;
				CLANG_WARN_OBJC_IMPLICIT_RETAIN_SELF = YES;
				CLANG_WARN_OBJC_LITERAL_CONVERSION = YES;
				CLANG_WARN_OBJC_ROOT_CLASS = YES_ERROR;
				CLANG_WARN_QUOTED_INCLUDE_IN_FRAMEWORK_HEADER = YES;
				CLANG_WARN_RANGE_LOOP_ANALYSIS = YES;
				CLANG_WARN_STRICT_PROTOTYPES = YES;
				CLANG_WARN_SUSPICIOUS_MOVE = YES;
				CLANG_WARN_UNGUARDED_AVAILABILITY = YES_AGGRESSIVE;
				CLANG_WARN_UNREACHABLE_CODE = YES;
				CLANG_WARN__DUPLICATE_METHOD_MATCH = YES;
				COPY_PHASE_STRIP = NO;
				DEBUG_INFORMATION_FORMAT = dwarf;
				ENABLE_STRICT_OBJC_MSGSEND = YES;
				ENABLE_TESTABILITY = YES;
				GCC_C_LANGUAGE_STANDARD = gnu11;
				GCC_DYNAMIC_NO_PIC = NO;
				GCC_NO_COMMON_BLOCKS = YES;
				GCC_OPTIMIZATION_LEVEL = 0;
				GCC_PREPROCESSOR_DEFINITIONS = (
					"DEBUG=1",
					"$(inherited)",
				);
				GCC_WARN_64_TO_32_BIT_CONVERSION = YES;
				GCC_WARN_ABOUT_RETURN_TYPE = YES_ERROR;
				GCC_WARN_UNDECLARED_SELECTOR = YES;
				GCC_WARN_UNINITIALIZED_AUTOS = YES_AGGRESSIVE;
				GCC_WARN_UNUSED_FUNCTION = YES;
				GCC_WARN_UNUSED_VARIABLE = YES;
				IPHONEOS_DEPLOYMENT_TARGET = 16.4;
				MTL_ENABLE_DEBUG_INFO = INCLUDE_SOURCE;
				MTL_FAST_MATH = YES;
				ONLY_ACTIVE_ARCH = YES;
				SDKROOT = iphoneos;
				SWIFT_ACTIVE_COMPILATION_CONDITIONS = DEBUG;
				SWIFT_OPTIMIZATION_LEVEL = "-Onone";
			};
			name = Debug;
		};
		8C5BD2B629F534F3001B8BBC /* Release */ = {
			isa = XCBuildConfiguration;
			buildSettings = {
				ALWAYS_SEARCH_USER_PATHS = NO;
				CLANG_ANALYZER_NONNULL = YES;
				CLANG_ANALYZER_NUMBER_OBJECT_CONVERSION = YES_AGGRESSIVE;
				CLANG_CXX_LANGUAGE_STANDARD = "gnu++20";
				CLANG_ENABLE_MODULES = YES;
				CLANG_ENABLE_OBJC_ARC = YES;
				CLANG_ENABLE_OBJC_WEAK = YES;
				CLANG_WARN_BLOCK_CAPTURE_AUTORELEASING = YES;
				CLANG_WARN_BOOL_CONVERSION = YES;
				CLANG_WARN_COMMA = YES;
				CLANG_WARN_CONSTANT_CONVERSION = YES;
				CLANG_WARN_DEPRECATED_OBJC_IMPLEMENTATIONS = YES;
				CLANG_WARN_DIRECT_OBJC_ISA_USAGE = YES_ERROR;
				CLANG_WARN_DOCUMENTATION_COMMENTS = YES;
				CLANG_WARN_EMPTY_BODY = YES;
				CLANG_WARN_ENUM_CONVERSION = YES;
				CLANG_WARN_INFINITE_RECURSION = YES;
				CLANG_WARN_INT_CONVERSION = YES;
				CLANG_WARN_NON_LITERAL_NULL_CONVERSION = YES;
				CLANG_WARN_OBJC_IMPLICIT_RETAIN_SELF = YES;
				CLANG_WARN_OBJC_LITERAL_CONVERSION = YES;
				CLANG_WARN_OBJC_ROOT_CLASS = YES_ERROR;
				CLANG_WARN_QUOTED_INCLUDE_IN_FRAMEWORK_HEADER = YES;
				CLANG_WARN_RANGE_LOOP_ANALYSIS = YES;
				CLANG_WARN_STRICT_PROTOTYPES = YES;
				CLANG_WARN_SUSPICIOUS_MOVE = YES;
				CLANG_WARN_UNGUARDED_AVAILABILITY = YES_AGGRESSIVE;
				CLANG_WARN_UNREACHABLE_CODE = YES;
				CLANG_WARN__DUPLICATE_METHOD_MATCH = YES;
				COPY_PHASE_STRIP = NO;
				DEBUG_INFORMATION_FORMAT = "dwarf-with-dsym";
				ENABLE_NS_ASSERTIONS = NO;
				ENABLE_STRICT_OBJC_MSGSEND = YES;
				GCC_C_LANGUAGE_STANDARD = gnu11;
				GCC_NO_COMMON_BLOCKS = YES;
				GCC_WARN_64_TO_32_BIT_CONVERSION = YES;
				GCC_WARN_ABOUT_RETURN_TYPE = YES_ERROR;
				GCC_WARN_UNDECLARED_SELECTOR = YES;
				GCC_WARN_UNINITIALIZED_AUTOS = YES_AGGRESSIVE;
				GCC_WARN_UNUSED_FUNCTION = YES;
				GCC_WARN_UNUSED_VARIABLE = YES;
				IPHONEOS_DEPLOYMENT_TARGET = 16.4;
				MTL_ENABLE_DEBUG_INFO = NO;
				MTL_FAST_MATH = YES;
				SDKROOT = iphoneos;
				SWIFT_COMPILATION_MODE = wholemodule;
				SWIFT_OPTIMIZATION_LEVEL = "-O";
				VALIDATE_PRODUCT = YES;
			};
			name = Release;
		};
		8C5BD2B829F534F3001B8BBC /* Debug */ = {
			isa = XCBuildConfiguration;
			baseConfigurationReference = CAA125A179B9F68F44537FD2 /* Pods-Chawapon.debug.xcconfig */;
			buildSettings = {
				ASSETCATALOG_COMPILER_APPICON_NAME = AppIcon;
				ASSETCATALOG_COMPILER_GLOBAL_ACCENT_COLOR_NAME = AccentColor;
				CODE_SIGN_STYLE = Automatic;
				CURRENT_PROJECT_VERSION = 1;
				DEVELOPMENT_TEAM = VX86SF69X5;
				GENERATE_INFOPLIST_FILE = YES;
				INFOPLIST_FILE = Chawapon/Info.plist;
				INFOPLIST_KEY_UIApplicationSupportsIndirectInputEvents = YES;
				INFOPLIST_KEY_UILaunchStoryboardName = LaunchScreen;
				INFOPLIST_KEY_UIMainStoryboardFile = Main;
				INFOPLIST_KEY_UISupportedInterfaceOrientations = UIInterfaceOrientationPortrait;
				INFOPLIST_KEY_UISupportedInterfaceOrientations_iPad = "UIInterfaceOrientationLandscapeLeft UIInterfaceOrientationLandscapeRight UIInterfaceOrientationPortrait UIInterfaceOrientationPortraitUpsideDown";
				LD_RUNPATH_SEARCH_PATHS = (
					"$(inherited)",
					"@executable_path/Frameworks",
				);
				MARKETING_VERSION = 1.0;
				PRODUCT_BUNDLE_IDENTIFIER = com.test.Chawapon;
				PRODUCT_NAME = "$(TARGET_NAME)";
				SUPPORTED_PLATFORMS = "iphoneos iphonesimulator";
				SUPPORTS_MACCATALYST = NO;
				SUPPORTS_MAC_DESIGNED_FOR_IPHONE_IPAD = NO;
				SWIFT_EMIT_LOC_STRINGS = YES;
				SWIFT_VERSION = 5.0;
				TARGETED_DEVICE_FAMILY = 1;
			};
			name = Debug;
		};
		8C5BD2B929F534F3001B8BBC /* Release */ = {
			isa = XCBuildConfiguration;
			baseConfigurationReference = C912D6E1C47346CB20CD3B01 /* Pods-Chawapon.release.xcconfig */;
			buildSettings = {
				ASSETCATALOG_COMPILER_APPICON_NAME = AppIcon;
				ASSETCATALOG_COMPILER_GLOBAL_ACCENT_COLOR_NAME = AccentColor;
				CODE_SIGN_STYLE = Automatic;
				CURRENT_PROJECT_VERSION = 1;
				DEVELOPMENT_TEAM = VX86SF69X5;
				GENERATE_INFOPLIST_FILE = YES;
				INFOPLIST_FILE = Chawapon/Info.plist;
				INFOPLIST_KEY_UIApplicationSupportsIndirectInputEvents = YES;
				INFOPLIST_KEY_UILaunchStoryboardName = LaunchScreen;
				INFOPLIST_KEY_UIMainStoryboardFile = Main;
				INFOPLIST_KEY_UISupportedInterfaceOrientations = UIInterfaceOrientationPortrait;
				INFOPLIST_KEY_UISupportedInterfaceOrientations_iPad = "UIInterfaceOrientationLandscapeLeft UIInterfaceOrientationLandscapeRight UIInterfaceOrientationPortrait UIInterfaceOrientationPortraitUpsideDown";
				LD_RUNPATH_SEARCH_PATHS = (
					"$(inherited)",
					"@executable_path/Frameworks",
				);
				MARKETING_VERSION = 1.0;
				PRODUCT_BUNDLE_IDENTIFIER = com.test.Chawapon;
				PRODUCT_NAME = "$(TARGET_NAME)";
				SUPPORTED_PLATFORMS = "iphoneos iphonesimulator";
				SUPPORTS_MACCATALYST = NO;
				SUPPORTS_MAC_DESIGNED_FOR_IPHONE_IPAD = NO;
				SWIFT_EMIT_LOC_STRINGS = YES;
				SWIFT_VERSION = 5.0;
				TARGETED_DEVICE_FAMILY = 1;
			};
			name = Release;
		};
/* End XCBuildConfiguration section */

/* Begin XCConfigurationList section */
		8C5BD29B29F534F0001B8BBC /* Build configuration list for PBXProject "Chawapon" */ = {
			isa = XCConfigurationList;
			buildConfigurations = (
				8C5BD2B529F534F3001B8BBC /* Debug */,
				8C5BD2B629F534F3001B8BBC /* Release */,
			);
			defaultConfigurationIsVisible = 0;
			defaultConfigurationName = Release;
		};
		8C5BD2B729F534F3001B8BBC /* Build configuration list for PBXNativeTarget "Chawapon" */ = {
			isa = XCConfigurationList;
			buildConfigurations = (
				8C5BD2B829F534F3001B8BBC /* Debug */,
				8C5BD2B929F534F3001B8BBC /* Release */,
			);
			defaultConfigurationIsVisible = 0;
			defaultConfigurationName = Release;
		};
/* End XCConfigurationList section */

/* Begin XCVersionGroup section */
		8C5BD2AC29F534F0001B8BBC /* Chawapon.xcdatamodeld */ = {
			isa = XCVersionGroup;
			children = (
				8C5BD2AD29F534F0001B8BBC /* Chawapon.xcdatamodel */,
			);
			currentVersion = 8C5BD2AD29F534F0001B8BBC /* Chawapon.xcdatamodel */;
			path = Chawapon.xcdatamodeld;
			sourceTree = "<group>";
			versionGroupType = wrapper.xcdatamodel;
		};
/* End XCVersionGroup section */
	};
	rootObject = 8C5BD29829F534F0001B8BBC /* Project object */;
}
